
Microsoft Visual Studio Solution File, Format Version 12.00
# Visual Studio Version 17
VisualStudioVersion = 17.12.35514.174
MinimumVisualStudioVersion = 10.0.40219.1
Project("{FAE04EC0-301F-11D3-BF4B-00C04F79EFBC}") = "tallerM.Shared", "tallerM.Shared\tallerM.Shared.csproj", "{D6A9AE11-EEAE-4D98-ADE7-93C8D1F7E463}"
EndProject
Project("{FAE04EC0-301F-11D3-BF4B-00C04F79EFBC}") = "tallerM.Web", "..\tallerM.Web\tallerM.Web.csproj", "{DEAAAA82-30AB-40C9-A3D1-4D18B906635B}"
EndProject
Project("{FAE04EC0-301F-11D3-BF4B-00C04F79EFBC}") = "tallerM.Api", "..\tallerM.Api\tallerM.Api.csproj", "{835B0079-89A4-4753-A765-641C63A8DEED}"
EndProject
Global
	GlobalSection(SolutionConfigurationPlatforms) = preSolution
		Debug|Any CPU = Debug|Any CPU
		Release|Any CPU = Release|Any CPU
	EndGlobalSection
	GlobalSection(ProjectConfigurationPlatforms) = postSolution
		{D6A9AE11-EEAE-4D98-ADE7-93C8D1F7E463}.Debug|Any CPU.ActiveCfg = Debug|Any CPU
		{D6A9AE11-EEAE-4D98-ADE7-93C8D1F7E463}.Debug|Any CPU.Build.0 = Debug|Any CPU
		{D6A9AE11-EEAE-4D98-ADE7-93C8D1F7E463}.Release|Any CPU.ActiveCfg = Release|Any CPU
		{D6A9AE11-EEAE-4D98-ADE7-93C8D1F7E463}.Release|Any CPU.Build.0 = Release|Any CPU
		{DEAAAA82-30AB-40C9-A3D1-4D18B906635B}.Debug|Any CPU.ActiveCfg = Debug|Any CPU
		{DEAAAA82-30AB-40C9-A3D1-4D18B906635B}.Debug|Any CPU.Build.0 = Debug|Any CPU
		{DEAAAA82-30AB-40C9-A3D1-4D18B906635B}.Release|Any CPU.ActiveCfg = Release|Any CPU
		{DEAAAA82-30AB-40C9-A3D1-4D18B906635B}.Release|Any CPU.Build.0 = Release|Any CPU
		{835B0079-89A4-4753-A765-641C63A8DEED}.Debug|Any CPU.ActiveCfg = Debug|Any CPU
		{835B0079-89A4-4753-A765-641C63A8DEED}.Debug|Any CPU.Build.0 = Debug|Any CPU
		{835B0079-89A4-4753-A765-641C63A8DEED}.Release|Any CPU.ActiveCfg = Release|Any CPU
		{835B0079-89A4-4753-A765-641C63A8DEED}.Release|Any CPU.Build.0 = Release|Any CPU
	EndGlobalSection
	GlobalSection(SolutionProperties) = preSolution
		HideSolutionNode = FALSE
	EndGlobalSection
EndGlobal
